
Microsoft Visual Studio Solution File, Format Version 12.00
# Visual Studio Version 16
VisualStudioVersion = 16.0.30114.105
MinimumVisualStudioVersion = 10.0.40219.1
Project("{FAE04EC0-301F-11D3-BF4B-00C04F79EFBC}") = "MoviewAppAPI", "MoviewAppAPI.csproj", "{8E710C13-CF8D-4D40-887A-5034C8C0138A}"
EndProject
Global
	GlobalSection(SolutionConfigurationPlatforms) = preSolution
		Debug|Any CPU = Debug|Any CPU
		Release|Any CPU = Release|Any CPU
	EndGlobalSection
	GlobalSection(ProjectConfigurationPlatforms) = postSolution
		{8E710C13-CF8D-4D40-887A-5034C8C0138A}.Debug|Any CPU.ActiveCfg = Debug|Any CPU
		{8E710C13-CF8D-4D40-887A-5034C8C0138A}.Debug|Any CPU.Build.0 = Debug|Any CPU
		{8E710C13-CF8D-4D40-887A-5034C8C0138A}.Release|Any CPU.ActiveCfg = Release|Any CPU
		{8E710C13-CF8D-4D40-887A-5034C8C0138A}.Release|Any CPU.Build.0 = Release|Any CPU
	EndGlobalSection
	GlobalSection(SolutionProperties) = preSolution
		HideSolutionNode = FALSE
	EndGlobalSection
	GlobalSection(ExtensibilityGlobals) = postSolution
		SolutionGuid = {6933E82E-8340-44AB-96FE-35D9E5D49EB4}
	EndGlobalSection
EndGlobal
